Microsoft Visual Studio Solution File, Format Version 11.00
# Visual Studio 2008

Project("{771F3E67-EAB8-11C7-7052-65CD62F28CC7}") = "OutBreak", "Assembly-CSharp.csproj", "{40D9F5EA-FE6F-1A2F-9034-AE9A70C2C397}"
EndProject
Global
	GlobalSection(SolutionConfigurationPlatforms) = preSolution
		Debug|Any CPU = Debug|Any CPU
		Release|Any CPU = Release|Any CPU
	EndGlobalSection
	GlobalSection(ProjectConfigurationPlatforms) = postSolution
		{40D9F5EA-FE6F-1A2F-9034-AE9A70C2C397}.Debug|Any CPU.ActiveCfg = Debug|Any CPU
		{40D9F5EA-FE6F-1A2F-9034-AE9A70C2C397}.Debug|Any CPU.Build.0 = Debug|Any CPU
		{40D9F5EA-FE6F-1A2F-9034-AE9A70C2C397}.Release|Any CPU.ActiveCfg = Release|Any CPU
		{40D9F5EA-FE6F-1A2F-9034-AE9A70C2C397}.Release|Any CPU.Build.0 = Release|Any CPU
	EndGlobalSection
	GlobalSection(SolutionProperties) = preSolution
		HideSolutionNode = FALSE
	EndGlobalSection
	GlobalSection(MonoDevelopProperties) = preSolution
		StartupItem = Assembly-CSharp.csproj
	EndGlobalSection
EndGlobal
